
Microsoft Visual Studio Solution File, Format Version 12.00
# Visual Studio Version 17
VisualStudioVersion = 17.1.32328.378
MinimumVisualStudioVersion = 10.0.40219.1
Project("{9A19103F-16F7-4668-BE54-9A1E7A4F7556}") = "LautzOfCode.EnumGenerator", "LautzOfCode.EnumGenerator\LautzOfCode.EnumGenerator.csproj", "{0ECA86A0-4CE0-49F5-BCAC-97FD999E80F0}"
EndProject
Project("{9A19103F-16F7-4668-BE54-9A1E7A4F7556}") = "build", "build\build.csproj", "{6D82BEAC-AFD1-4433-8674-E8F7F389CC93}"
EndProject
Project("{2150E333-8FDC-42A3-9474-1A3956D46DE8}") = "Solution Items", "Solution Items", "{0C5EDD5C-ACE3-4FED-A020-82217C3FE030}"
	ProjectSection(SolutionItems) = preProject
		.editorconfig = .editorconfig
		.gitignore = .gitignore
	EndProjectSection
EndProject
Project("{FAE04EC0-301F-11D3-BF4B-00C04F79EFBC}") = "LautzOfCode.EnumGenerator.Attributes", "LautzOfCode.EnumGenerator.Attributes\LautzOfCode.EnumGenerator.Attributes.csproj", "{E71AA629-1C36-435B-A9BB-FC57F70DC287}"
EndProject
Project("{2150E333-8FDC-42A3-9474-1A3956D46DE8}") = "tests", "tests", "{5AAC860D-B3E1-47D0-BF30-8D82EAB4E41E}"
EndProject
Project("{FAE04EC0-301F-11D3-BF4B-00C04F79EFBC}") = "LautzOfCode.EnumGenerators.Tests", "LautzOfCode.EnumGenerators.Tests\LautzOfCode.EnumGenerators.Tests.csproj", "{39932601-1C28-4BB0-A230-606266AA7311}"
EndProject
Project("{FAE04EC0-301F-11D3-BF4B-00C04F79EFBC}") = "LautzOfCode.EnumGenerators.IntegrationTests", "LautzOfCode.EnumGenerators.IntegrationTests\LautzOfCode.EnumGenerators.IntegrationTests.csproj", "{FA3C4480-108D-446C-B3DA-EA96AE1A0283}"
EndProject
Project("{2150E333-8FDC-42A3-9474-1A3956D46DE8}") = "src", "src", "{6A73EBFB-AA8C-45BF-98B4-044D08348172}"
EndProject
Global
	GlobalSection(SolutionConfigurationPlatforms) = preSolution
		Debug|Any CPU = Debug|Any CPU
		Release|Any CPU = Release|Any CPU
	EndGlobalSection
	GlobalSection(ProjectConfigurationPlatforms) = postSolution
		{0ECA86A0-4CE0-49F5-BCAC-97FD999E80F0}.Debug|Any CPU.ActiveCfg = Debug|Any CPU
		{0ECA86A0-4CE0-49F5-BCAC-97FD999E80F0}.Debug|Any CPU.Build.0 = Debug|Any CPU
		{0ECA86A0-4CE0-49F5-BCAC-97FD999E80F0}.Release|Any CPU.ActiveCfg = Release|Any CPU
		{0ECA86A0-4CE0-49F5-BCAC-97FD999E80F0}.Release|Any CPU.Build.0 = Release|Any CPU
		{6D82BEAC-AFD1-4433-8674-E8F7F389CC93}.Debug|Any CPU.ActiveCfg = Debug|Any CPU
		{6D82BEAC-AFD1-4433-8674-E8F7F389CC93}.Release|Any CPU.ActiveCfg = Release|Any CPU
		{E71AA629-1C36-435B-A9BB-FC57F70DC287}.Debug|Any CPU.ActiveCfg = Debug|Any CPU
		{E71AA629-1C36-435B-A9BB-FC57F70DC287}.Debug|Any CPU.Build.0 = Debug|Any CPU
		{E71AA629-1C36-435B-A9BB-FC57F70DC287}.Release|Any CPU.ActiveCfg = Release|Any CPU
		{E71AA629-1C36-435B-A9BB-FC57F70DC287}.Release|Any CPU.Build.0 = Release|Any CPU
		{39932601-1C28-4BB0-A230-606266AA7311}.Debug|Any CPU.ActiveCfg = Debug|Any CPU
		{39932601-1C28-4BB0-A230-606266AA7311}.Release|Any CPU.ActiveCfg = Release|Any CPU
		{39932601-1C28-4BB0-A230-606266AA7311}.Release|Any CPU.Build.0 = Release|Any CPU
		{FA3C4480-108D-446C-B3DA-EA96AE1A0283}.Debug|Any CPU.ActiveCfg = Debug|Any CPU
		{FA3C4480-108D-446C-B3DA-EA96AE1A0283}.Release|Any CPU.ActiveCfg = Release|Any CPU
		{FA3C4480-108D-446C-B3DA-EA96AE1A0283}.Release|Any CPU.Build.0 = Release|Any CPU
	EndGlobalSection
	GlobalSection(SolutionProperties) = preSolution
		HideSolutionNode = FALSE
	EndGlobalSection
	GlobalSection(ExtensibilityGlobals) = postSolution
		SolutionGuid = {1F59BF8C-E3E2-4FEB-89A0-E6DACB910D5F}
	EndGlobalSection
	GlobalSection(NestedProjects) = preSolution
		{39932601-1C28-4BB0-A230-606266AA7311} = {5AAC860D-B3E1-47D0-BF30-8D82EAB4E41E}
		{FA3C4480-108D-446C-B3DA-EA96AE1A0283} = {5AAC860D-B3E1-47D0-BF30-8D82EAB4E41E}
		{0ECA86A0-4CE0-49F5-BCAC-97FD999E80F0} = {6A73EBFB-AA8C-45BF-98B4-044D08348172}
		{E71AA629-1C36-435B-A9BB-FC57F70DC287} = {6A73EBFB-AA8C-45BF-98B4-044D08348172}
	EndGlobalSection
EndGlobal
