
Microsoft Visual Studio Solution File, Format Version 12.00
Project("{FAE04EC0-301F-11D3-BF4B-00C04F79EFBC}") = "LautzOfCode.EnumGenerator", "LautzOfCode.EnumGenerator\LautzOfCode.EnumGenerator.csproj", "{0ECA86A0-4CE0-49F5-BCAC-97FD999E80F0}"
EndProject
Project("{9A19103F-16F7-4668-BE54-9A1E7A4F7556}") = "build", "build\build.csproj", "{6D82BEAC-AFD1-4433-8674-E8F7F389CC93}"
EndProject
Global
	GlobalSection(SolutionConfigurationPlatforms) = preSolution
		Debug|Any CPU = Debug|Any CPU
		Release|Any CPU = Release|Any CPU
	EndGlobalSection
	GlobalSection(ProjectConfigurationPlatforms) = postSolution
		{6D82BEAC-AFD1-4433-8674-E8F7F389CC93}.Debug|Any CPU.ActiveCfg = Debug|Any CPU
		{6D82BEAC-AFD1-4433-8674-E8F7F389CC93}.Release|Any CPU.ActiveCfg = Release|Any CPU
		{0ECA86A0-4CE0-49F5-BCAC-97FD999E80F0}.Debug|Any CPU.ActiveCfg = Debug|Any CPU
		{0ECA86A0-4CE0-49F5-BCAC-97FD999E80F0}.Debug|Any CPU.Build.0 = Debug|Any CPU
		{0ECA86A0-4CE0-49F5-BCAC-97FD999E80F0}.Release|Any CPU.ActiveCfg = Release|Any CPU
		{0ECA86A0-4CE0-49F5-BCAC-97FD999E80F0}.Release|Any CPU.Build.0 = Release|Any CPU
	EndGlobalSection
EndGlobal
